
Microsoft Visual Studio Solution File, Format Version 12.00
# Visual Studio 2017
Project("{FAE04EC0-301F-11D3-BF4B-00C04F79EFBC}") = "Bulky Boat Pacman", "Bulky Boat Pacman.csproj", "{6AD55796-72D5-F761-98D7-907000F4814E}"
EndProject
Global
	GlobalSection(SolutionConfigurationPlatforms) = preSolution
		Debug|Any CPU = Debug|Any CPU
		Release|Any CPU = Release|Any CPU
	EndGlobalSection
	GlobalSection(ProjectConfigurationPlatforms) = postSolution
		{6AD55796-72D5-F761-98D7-907000F4814E}.Debug|Any CPU.ActiveCfg = Debug|Any CPU
		{6AD55796-72D5-F761-98D7-907000F4814E}.Debug|Any CPU.Build.0 = Debug|Any CPU
		{6AD55796-72D5-F761-98D7-907000F4814E}.Release|Any CPU.ActiveCfg = Release|Any CPU
		{6AD55796-72D5-F761-98D7-907000F4814E}.Release|Any CPU.Build.0 = Release|Any CPU
	EndGlobalSection
	GlobalSection(SolutionProperties) = preSolution
		HideSolutionNode = FALSE
	EndGlobalSection
EndGlobal
